
Microsoft Visual Studio Solution File, Format Version 12.00
# Visual Studio 15
VisualStudioVersion = 15.0.28307.1169
MinimumVisualStudioVersion = 10.0.40219.1
Project("{159641D6-6404-4A2A-AE62-294DE0FE8301}") = "New project", "New project\New project.dtproj", "{996B8513-AB23-4893-AB91-ED553C42186E}"
EndProject
Global
	GlobalSection(SolutionConfigurationPlatforms) = preSolution
		Development|Default = Development|Default
	EndGlobalSection
	GlobalSection(ProjectConfigurationPlatforms) = postSolution
		{996B8513-AB23-4893-AB91-ED553C42186E}.Development|Default.ActiveCfg = Development
		{996B8513-AB23-4893-AB91-ED553C42186E}.Development|Default.Build.0 = Development
	EndGlobalSection
	GlobalSection(SolutionProperties) = preSolution
		HideSolutionNode = FALSE
	EndGlobalSection
	GlobalSection(ExtensibilityGlobals) = postSolution
		SolutionGuid = {27D5D33C-9116-4DF0-ABC0-EA1A8218FE17}
	EndGlobalSection
EndGlobal
